// !$*UTF8*$!
{
	archiveVersion = 1;
	classes = {
	};
	objectVersion = 46;
	objects = {

/* Begin PBXBuildFile section */
		862DC04E1E5AEEEA001CF4C2 /* RoomListModel.swift in Sources */ = {isa = PBXBuildFile; fileRef = 862DC04D1E5AEEEA001CF4C2 /* RoomListModel.swift */; };
		862DC0501E5AEEF3001CF4C2 /* RoomModel.swift in Sources */ = {isa = PBXBuildFile; fileRef = 862DC04F1E5AEEF3001CF4C2 /* RoomModel.swift */; };
		8683C4841E52EBB60041FE0E /* AppDelegate.swift in Sources */ = {isa = PBXBuildFile; fileRef = 8683C4831E52EBB60041FE0E /* AppDelegate.swift */; };
		8683C4891E52EBB60041FE0E /* Main.storyboard in Resources */ = {isa = PBXBuildFile; fileRef = 8683C4871E52EBB60041FE0E /* Main.storyboard */; };
		8683C48B1E52EBB60041FE0E /* Assets.xcassets in Resources */ = {isa = PBXBuildFile; fileRef = 8683C48A1E52EBB60041FE0E /* Assets.xcassets */; };
		8683C49F1E52F3A10041FE0E /* Home.storyboard in Resources */ = {isa = PBXBuildFile; fileRef = 8683C49E1E52F3A10041FE0E /* Home.storyboard */; };
		8683C4A11E52F3C20041FE0E /* Live.storyboard in Resources */ = {isa = PBXBuildFile; fileRef = 8683C4A01E52F3C20041FE0E /* Live.storyboard */; };
		8683C4A31E52F3DD0041FE0E /* Follow.storyboard in Resources */ = {isa = PBXBuildFile; fileRef = 8683C4A21E52F3DD0041FE0E /* Follow.storyboard */; };
		8683C4A51E52F3F30041FE0E /* Profile.storyboard in Resources */ = {isa = PBXBuildFile; fileRef = 8683C4A41E52F3F30041FE0E /* Profile.storyboard */; };
		8683C4A71E52F5060041FE0E /* MainViewController.swift in Sources */ = {isa = PBXBuildFile; fileRef = 8683C4A61E52F5060041FE0E /* MainViewController.swift */; };
		8683C4B81E52F8710041FE0E /* HomeViewController.swift in Sources */ = {isa = PBXBuildFile; fileRef = 8683C4B71E52F8710041FE0E /* HomeViewController.swift */; };
		8683C4BB1E52FED50041FE0E /* UIBarButtonItem-Extension.swift in Sources */ = {isa = PBXBuildFile; fileRef = 8683C4BA1E52FED50041FE0E /* UIBarButtonItem-Extension.swift */; };
		8683C4BE1E54046F0041FE0E /* YYTitleView.swift in Sources */ = {isa = PBXBuildFile; fileRef = 8683C4BD1E54046F0041FE0E /* YYTitleView.swift */; };
		8683C4C21E5408B60041FE0E /* Common.swift in Sources */ = {isa = PBXBuildFile; fileRef = 8683C4C11E5408B60041FE0E /* Common.swift */; };
		8683C4C41E543A8E0041FE0E /* YYContentView.swift in Sources */ = {isa = PBXBuildFile; fileRef = 8683C4C31E543A8E0041FE0E /* YYContentView.swift */; };
		8683C4C61E544A550041FE0E /* UIColor-Extension.swift in Sources */ = {isa = PBXBuildFile; fileRef = 8683C4C51E544A550041FE0E /* UIColor-Extension.swift */; };
		8683C4C81E558F2D0041FE0E /* RecommendViewController.swift in Sources */ = {isa = PBXBuildFile; fileRef = 8683C4C71E558F2D0041FE0E /* RecommendViewController.swift */; };
		86A7D17F1E5BE9B700789391 /* CollectionViewBaseCell.swift in Sources */ = {isa = PBXBuildFile; fileRef = 86A7D17E1E5BE9B700789391 /* CollectionViewBaseCell.swift */; };
		86A7D1811E5C1E3100789391 /* RecycleModel.swift in Sources */ = {isa = PBXBuildFile; fileRef = 86A7D1801E5C1E3100789391 /* RecycleModel.swift */; };
		86A7D1831E5C297500789391 /* RecycleHeaderView.swift in Sources */ = {isa = PBXBuildFile; fileRef = 86A7D1821E5C297500789391 /* RecycleHeaderView.swift */; };
		86A7D1851E5C297D00789391 /* RecycleHeaderView.xib in Resources */ = {isa = PBXBuildFile; fileRef = 86A7D1841E5C297D00789391 /* RecycleHeaderView.xib */; };
		86A7D1881E5C412C00789391 /* RecycleHeaderCell.swift in Sources */ = {isa = PBXBuildFile; fileRef = 86A7D1861E5C412C00789391 /* RecycleHeaderCell.swift */; };
		86A7D1891E5C412C00789391 /* RecycleHeaderCell.xib in Resources */ = {isa = PBXBuildFile; fileRef = 86A7D1871E5C412C00789391 /* RecycleHeaderCell.xib */; };
		86AE1DDD1E56E42A00B95281 /* CollectionHeaderView.swift in Sources */ = {isa = PBXBuildFile; fileRef = 86AE1DDB1E56E42A00B95281 /* CollectionHeaderView.swift */; };
		86AE1DDE1E56E42A00B95281 /* CollectionHeaderView.xib in Resources */ = {isa = PBXBuildFile; fileRef = 86AE1DDC1E56E42A00B95281 /* CollectionHeaderView.xib */; };
		86AE1DE11E56E7DC00B95281 /* CollectionViewNomalCell.swift in Sources */ = {isa = PBXBuildFile; fileRef = 86AE1DDF1E56E7DC00B95281 /* CollectionViewNomalCell.swift */; };
		86AE1DE21E56E7DC00B95281 /* CollectionViewNomalCell.xib in Resources */ = {isa = PBXBuildFile; fileRef = 86AE1DE01E56E7DC00B95281 /* CollectionViewNomalCell.xib */; };
		86AE1DE51E56ECB500B95281 /* CollectionViewPrettyCell.swift in Sources */ = {isa = PBXBuildFile; fileRef = 86AE1DE31E56ECB500B95281 /* CollectionViewPrettyCell.swift */; };
		86AE1DE61E56ECB500B95281 /* CollectionViewPrettyCell.xib in Resources */ = {isa = PBXBuildFile; fileRef = 86AE1DE41E56ECB500B95281 /* CollectionViewPrettyCell.xib */; };
		86AE1DE81E5A917F00B95281 /* NetworkTools.swift in Sources */ = {isa = PBXBuildFile; fileRef = 86AE1DE71E5A917F00B95281 /* NetworkTools.swift */; };
		86AE1DEB1E5AB9A900B95281 /* RecommendViewModel.swift in Sources */ = {isa = PBXBuildFile; fileRef = 86AE1DEA1E5AB9A900B95281 /* RecommendViewModel.swift */; };
		86AE1DED1E5ADF3800B95281 /* NSDate-Extension.swift in Sources */ = {isa = PBXBuildFile; fileRef = 86AE1DEC1E5ADF3800B95281 /* NSDate-Extension.swift */; };
		F3EB3BF88BF3C211250FFAE9 /* Pods_DouYuZhiBo.framework in Frameworks */ = {isa = PBXBuildFile; fileRef = D9A1CD2278E3FA9B78FE897D /* Pods_DouYuZhiBo.framework */; };
/* End PBXBuildFile section */

/* Begin PBXFileReference section */
		31DA830FA328E1CA2B0F2730 /* Pods-DouYuZhiBo.release.xcconfig */ = {isa = PBXFileReference; includeInIndex = 1; lastKnownFileType = text.xcconfig; name = "Pods-DouYuZhiBo.release.xcconfig"; path = "Pods/Target Support Files/Pods-DouYuZhiBo/Pods-DouYuZhiBo.release.xcconfig"; sourceTree = "<group>"; };
		862DC04D1E5AEEEA001CF4C2 /* RoomListModel.swift */ = {isa = PBXFileReference; fileEncoding = 4; lastKnownFileType = sourcecode.swift; path = RoomListModel.swift; sourceTree = "<group>"; };
		862DC04F1E5AEEF3001CF4C2 /* RoomModel.swift */ = {isa = PBXFileReference; fileEncoding = 4; lastKnownFileType = sourcecode.swift; path = RoomModel.swift; sourceTree = "<group>"; };
		8683C4801E52EBB60041FE0E /* DouYuZhiBo.app */ = {isa = PBXFileReference; explicitFileType = wrapper.application; includeInIndex = 0; path = DouYuZhiBo.app; sourceTree = BUILT_PRODUCTS_DIR; };
		8683C4831E52EBB60041FE0E /* AppDelegate.swift */ = {isa = PBXFileReference; lastKnownFileType = sourcecode.swift; path = AppDelegate.swift; sourceTree = "<group>"; };
		8683C4881E52EBB60041FE0E /* Base */ = {isa = PBXFileReference; lastKnownFileType = file.storyboard; name = Base; path = Base.lproj/Main.storyboard; sourceTree = "<group>"; };
		8683C48A1E52EBB60041FE0E /* Assets.xcassets */ = {isa = PBXFileReference; lastKnownFileType = folder.assetcatalog; path = Assets.xcassets; sourceTree = "<group>"; };
		8683C48F1E52EBB60041FE0E /* Info.plist */ = {isa = PBXFileReference; lastKnownFileType = text.plist.xml; path = Info.plist; sourceTree = "<group>"; };
		8683C49E1E52F3A10041FE0E /* Home.storyboard */ = {isa = PBXFileReference; fileEncoding = 4; lastKnownFileType = file.storyboard; path = Home.storyboard; sourceTree = "<group>"; };
		8683C4A01E52F3C20041FE0E /* Live.storyboard */ = {isa = PBXFileReference; fileEncoding = 4; lastKnownFileType = file.storyboard; path = Live.storyboard; sourceTree = "<group>"; };
		8683C4A21E52F3DD0041FE0E /* Follow.storyboard */ = {isa = PBXFileReference; fileEncoding = 4; lastKnownFileType = file.storyboard; path = Follow.storyboard; sourceTree = "<group>"; };
		8683C4A41E52F3F30041FE0E /* Profile.storyboard */ = {isa = PBXFileReference; fileEncoding = 4; lastKnownFileType = file.storyboard; path = Profile.storyboard; sourceTree = "<group>"; };
		8683C4A61E52F5060041FE0E /* MainViewController.swift */ = {isa = PBXFileReference; fileEncoding = 4; lastKnownFileType = sourcecode.swift; path = MainViewController.swift; sourceTree = "<group>"; };
		8683C4B71E52F8710041FE0E /* HomeViewController.swift */ = {isa = PBXFileReference; fileEncoding = 4; lastKnownFileType = sourcecode.swift; path = HomeViewController.swift; sourceTree = "<group>"; };
		8683C4BA1E52FED50041FE0E /* UIBarButtonItem-Extension.swift */ = {isa = PBXFileReference; fileEncoding = 4; lastKnownFileType = sourcecode.swift; path = "UIBarButtonItem-Extension.swift"; sourceTree = "<group>"; };
		8683C4BD1E54046F0041FE0E /* YYTitleView.swift */ = {isa = PBXFileReference; fileEncoding = 4; lastKnownFileType = sourcecode.swift; path = YYTitleView.swift; sourceTree = "<group>"; };
		8683C4C11E5408B60041FE0E /* Common.swift */ = {isa = PBXFileReference; fileEncoding = 4; lastKnownFileType = sourcecode.swift; path = Common.swift; sourceTree = "<group>"; };
		8683C4C31E543A8E0041FE0E /* YYContentView.swift */ = {isa = PBXFileReference; fileEncoding = 4; lastKnownFileType = sourcecode.swift; path = YYContentView.swift; sourceTree = "<group>"; };
		8683C4C51E544A550041FE0E /* UIColor-Extension.swift */ = {isa = PBXFileReference; fileEncoding = 4; lastKnownFileType = sourcecode.swift; path = "UIColor-Extension.swift"; sourceTree = "<group>"; };
		8683C4C71E558F2D0041FE0E /* RecommendViewController.swift */ = {isa = PBXFileReference; fileEncoding = 4; lastKnownFileType = sourcecode.swift; path = RecommendViewController.swift; sourceTree = "<group>"; };
		86A7D17E1E5BE9B700789391 /* CollectionViewBaseCell.swift */ = {isa = PBXFileReference; fileEncoding = 4; lastKnownFileType = sourcecode.swift; path = CollectionViewBaseCell.swift; sourceTree = "<group>"; };
		86A7D1801E5C1E3100789391 /* RecycleModel.swift */ = {isa = PBXFileReference; fileEncoding = 4; lastKnownFileType = sourcecode.swift; name = RecycleModel.swift; path = DouYuZhiBo/Class/Home/RecycleModel.swift; sourceTree = SOURCE_ROOT; };
		86A7D1821E5C297500789391 /* RecycleHeaderView.swift */ = {isa = PBXFileReference; fileEncoding = 4; lastKnownFileType = sourcecode.swift; path = RecycleHeaderView.swift; sourceTree = "<group>"; };
		86A7D1841E5C297D00789391 /* RecycleHeaderView.xib */ = {isa = PBXFileReference; fileEncoding = 4; lastKnownFileType = file.xib; path = RecycleHeaderView.xib; sourceTree = "<group>"; };
		86A7D1861E5C412C00789391 /* RecycleHeaderCell.swift */ = {isa = PBXFileReference; fileEncoding = 4; lastKnownFileType = sourcecode.swift; path = RecycleHeaderCell.swift; sourceTree = "<group>"; };
		86A7D1871E5C412C00789391 /* RecycleHeaderCell.xib */ = {isa = PBXFileReference; fileEncoding = 4; lastKnownFileType = file.xib; path = RecycleHeaderCell.xib; sourceTree = "<group>"; };
		86AE1DDB1E56E42A00B95281 /* CollectionHeaderView.swift */ = {isa = PBXFileReference; fileEncoding = 4; lastKnownFileType = sourcecode.swift; path = CollectionHeaderView.swift; sourceTree = "<group>"; };
		86AE1DDC1E56E42A00B95281 /* CollectionHeaderView.xib */ = {isa = PBXFileReference; fileEncoding = 4; lastKnownFileType = file.xib; path = CollectionHeaderView.xib; sourceTree = "<group>"; };
		86AE1DDF1E56E7DC00B95281 /* CollectionViewNomalCell.swift */ = {isa = PBXFileReference; fileEncoding = 4; lastKnownFileType = sourcecode.swift; path = CollectionViewNomalCell.swift; sourceTree = "<group>"; };
		86AE1DE01E56E7DC00B95281 /* CollectionViewNomalCell.xib */ = {isa = PBXFileReference; fileEncoding = 4; lastKnownFileType = file.xib; path = CollectionViewNomalCell.xib; sourceTree = "<group>"; };
		86AE1DE31E56ECB500B95281 /* CollectionViewPrettyCell.swift */ = {isa = PBXFileReference; fileEncoding = 4; lastKnownFileType = sourcecode.swift; path = CollectionViewPrettyCell.swift; sourceTree = "<group>"; };
		86AE1DE41E56ECB500B95281 /* CollectionViewPrettyCell.xib */ = {isa = PBXFileReference; fileEncoding = 4; lastKnownFileType = file.xib; path = CollectionViewPrettyCell.xib; sourceTree = "<group>"; };
		86AE1DE71E5A917F00B95281 /* NetworkTools.swift */ = {isa = PBXFileReference; fileEncoding = 4; lastKnownFileType = sourcecode.swift; path = NetworkTools.swift; sourceTree = "<group>"; };
		86AE1DEA1E5AB9A900B95281 /* RecommendViewModel.swift */ = {isa = PBXFileReference; fileEncoding = 4; lastKnownFileType = sourcecode.swift; path = RecommendViewModel.swift; sourceTree = "<group>"; };
		86AE1DEC1E5ADF3800B95281 /* NSDate-Extension.swift */ = {isa = PBXFileReference; fileEncoding = 4; lastKnownFileType = sourcecode.swift; path = "NSDate-Extension.swift"; sourceTree = "<group>"; };
		A63037644C3A5D58F3AC4045 /* Pods-DouYuZhiBo.debug.xcconfig */ = {isa = PBXFileReference; includeInIndex = 1; lastKnownFileType = text.xcconfig; name = "Pods-DouYuZhiBo.debug.xcconfig"; path = "Pods/Target Support Files/Pods-DouYuZhiBo/Pods-DouYuZhiBo.debug.xcconfig"; sourceTree = "<group>"; };
		D9A1CD2278E3FA9B78FE897D /* Pods_DouYuZhiBo.framework */ = {isa = PBXFileReference; explicitFileType = wrapper.framework; includeInIndex = 0; path = Pods_DouYuZhiBo.framework; sourceTree = BUILT_PRODUCTS_DIR; };
/* End PBXFileReference section */

/* Begin PBXFrameworksBuildPhase section */
		8683C47D1E52EBB60041FE0E /* Frameworks */ = {
			isa = PBXFrameworksBuildPhase;
			buildActionMask = 2147483647;
			files = (
				F3EB3BF88BF3C211250FFAE9 /* Pods_DouYuZhiBo.framework in Frameworks */,
			);
			runOnlyForDeploymentPostprocessing = 0;
		};
/* End PBXFrameworksBuildPhase section */

/* Begin PBXGroup section */
		39967D243AF2AB675757DAB5 /* Pods */ = {
			isa = PBXGroup;
			children = (
				A63037644C3A5D58F3AC4045 /* Pods-DouYuZhiBo.debug.xcconfig */,
				31DA830FA328E1CA2B0F2730 /* Pods-DouYuZhiBo.release.xcconfig */,
			);
			name = Pods;
			sourceTree = "<group>";
		};
		8683C4771E52EBB60041FE0E = {
			isa = PBXGroup;
			children = (
				8683C4821E52EBB60041FE0E /* DouYuZhiBo */,
				8683C4811E52EBB60041FE0E /* Products */,
				39967D243AF2AB675757DAB5 /* Pods */,
				C1CC1E84DE7DD49086F4CDAD /* Frameworks */,
			);
			sourceTree = "<group>";
		};
		8683C4811E52EBB60041FE0E /* Products */ = {
			isa = PBXGroup;
			children = (
				8683C4801E52EBB60041FE0E /* DouYuZhiBo.app */,
			);
			name = Products;
			sourceTree = "<group>";
		};
		8683C4821E52EBB60041FE0E /* DouYuZhiBo */ = {
			isa = PBXGroup;
			children = (
				8683C4951E52ED120041FE0E /* Class */,
				8683C4831E52EBB60041FE0E /* AppDelegate.swift */,
				8683C4871E52EBB60041FE0E /* Main.storyboard */,
				8683C48A1E52EBB60041FE0E /* Assets.xcassets */,
				8683C48F1E52EBB60041FE0E /* Info.plist */,
			);
			path = DouYuZhiBo;
			sourceTree = "<group>";
		};
		8683C4951E52ED120041FE0E /* Class */ = {
			isa = PBXGroup;
			children = (
				8683C4991E52ED120041FE0E /* Main */,
				8683C4971E52ED120041FE0E /* Home */,
				8683C4981E52ED120041FE0E /* Live */,
				8683C4961E52ED120041FE0E /* Follow */,
				8683C49A1E52ED120041FE0E /* Profile */,
				8683C49B1E52ED120041FE0E /* Tools */,
			);
			path = Class;
			sourceTree = "<group>";
		};
		8683C4961E52ED120041FE0E /* Follow */ = {
			isa = PBXGroup;
			children = (
				8683C4A21E52F3DD0041FE0E /* Follow.storyboard */,
				8683C4B11E52F8570041FE0E /* Controller */,
				8683C4B21E52F8570041FE0E /* Model */,
				8683C4B31E52F8570041FE0E /* View */,
			);
			path = Follow;
			sourceTree = "<group>";
		};
		8683C4971E52ED120041FE0E /* Home */ = {
			isa = PBXGroup;
			children = (
				8683C49E1E52F3A10041FE0E /* Home.storyboard */,
				8683C4AB1E52F8450041FE0E /* Controller */,
				86AE1DE91E5AB98C00B95281 /* ViewModel */,
				8683C4AC1E52F8450041FE0E /* Model */,
				8683C4AD1E52F8450041FE0E /* View */,
			);
			path = Home;
			sourceTree = "<group>";
		};
		8683C4981E52ED120041FE0E /* Live */ = {
			isa = PBXGroup;
			children = (
				8683C4A01E52F3C20041FE0E /* Live.storyboard */,
				8683C4AE1E52F84E0041FE0E /* Controller */,
				8683C4AF1E52F84E0041FE0E /* Model */,
				8683C4B01E52F84E0041FE0E /* View */,
			);
			path = Live;
			sourceTree = "<group>";
		};
		8683C4991E52ED120041FE0E /* Main */ = {
			isa = PBXGroup;
			children = (
				8683C4A61E52F5060041FE0E /* MainViewController.swift */,
				8683C4A81E52F8340041FE0E /* Controller */,
				8683C4A91E52F8340041FE0E /* Model */,
				8683C4AA1E52F8340041FE0E /* View */,
			);
			path = Main;
			sourceTree = "<group>";
		};
		8683C49A1E52ED120041FE0E /* Profile */ = {
			isa = PBXGroup;
			children = (
				8683C4A41E52F3F30041FE0E /* Profile.storyboard */,
				8683C4B41E52F8600041FE0E /* Controller */,
				8683C4B51E52F8600041FE0E /* Model */,
				8683C4B61E52F8600041FE0E /* View */,
			);
			path = Profile;
			sourceTree = "<group>";
		};
		8683C49B1E52ED120041FE0E /* Tools */ = {
			isa = PBXGroup;
			children = (
				86AE1DE71E5A917F00B95281 /* NetworkTools.swift */,
				8683C4C11E5408B60041FE0E /* Common.swift */,
				8683C4BC1E54043B0041FE0E /* UIView */,
				8683C4B91E52FEB90041FE0E /* Extension */,
			);
			path = Tools;
			sourceTree = "<group>";
		};
		8683C4A81E52F8340041FE0E /* Controller */ = {
			isa = PBXGroup;
			children = (
			);
			path = Controller;
			sourceTree = "<group>";
		};
		8683C4A91E52F8340041FE0E /* Model */ = {
			isa = PBXGroup;
			children = (
				862DC04D1E5AEEEA001CF4C2 /* RoomListModel.swift */,
				862DC04F1E5AEEF3001CF4C2 /* RoomModel.swift */,
			);
			path = Model;
			sourceTree = "<group>";
		};
		8683C4AA1E52F8340041FE0E /* View */ = {
			isa = PBXGroup;
			children = (
				86AE1DDF1E56E7DC00B95281 /* CollectionViewNomalCell.swift */,
				86AE1DE01E56E7DC00B95281 /* CollectionViewNomalCell.xib */,
				86AE1DE31E56ECB500B95281 /* CollectionViewPrettyCell.swift */,
				86AE1DE41E56ECB500B95281 /* CollectionViewPrettyCell.xib */,
				86A7D17E1E5BE9B700789391 /* CollectionViewBaseCell.swift */,
			);
			path = View;
			sourceTree = "<group>";
		};
		8683C4AB1E52F8450041FE0E /* Controller */ = {
			isa = PBXGroup;
			children = (
				8683C4B71E52F8710041FE0E /* HomeViewController.swift */,
				8683C4C71E558F2D0041FE0E /* RecommendViewController.swift */,
			);
			path = Controller;
			sourceTree = "<group>";
		};
		8683C4AC1E52F8450041FE0E /* Model */ = {
			isa = PBXGroup;
			children = (
				86A7D1801E5C1E3100789391 /* RecycleModel.swift */,
			);
			path = Model;
			sourceTree = "<group>";
		};
		8683C4AD1E52F8450041FE0E /* View */ = {
			isa = PBXGroup;
			children = (
				86AE1DDB1E56E42A00B95281 /* CollectionHeaderView.swift */,
				86AE1DDC1E56E42A00B95281 /* CollectionHeaderView.xib */,
				86A7D1821E5C297500789391 /* RecycleHeaderView.swift */,
				86A7D1841E5C297D00789391 /* RecycleHeaderView.xib */,
				86A7D1861E5C412C00789391 /* RecycleHeaderCell.swift */,
				86A7D1871E5C412C00789391 /* RecycleHeaderCell.xib */,
			);
			path = View;
			sourceTree = "<group>";
		};
		8683C4AE1E52F84E0041FE0E /* Controller */ = {
			isa = PBXGroup;
			children = (
			);
			path = Controller;
			sourceTree = "<group>";
		};
		8683C4AF1E52F84E0041FE0E /* Model */ = {
			isa = PBXGroup;
			children = (
			);
			path = Model;
			sourceTree = "<group>";
		};
		8683C4B01E52F84E0041FE0E /* View */ = {
			isa = PBXGroup;
			children = (
			);
			path = View;
			sourceTree = "<group>";
		};
		8683C4B11E52F8570041FE0E /* Controller */ = {
			isa = PBXGroup;
			children = (
			);
			path = Controller;
			sourceTree = "<group>";
		};
		8683C4B21E52F8570041FE0E /* Model */ = {
			isa = PBXGroup;
			children = (
			);
			path = Model;
			sourceTree = "<group>";
		};
		8683C4B31E52F8570041FE0E /* View */ = {
			isa = PBXGroup;
			children = (
			);
			path = View;
			sourceTree = "<group>";
		};
		8683C4B41E52F8600041FE0E /* Controller */ = {
			isa = PBXGroup;
			children = (
			);
			path = Controller;
			sourceTree = "<group>";
		};
		8683C4B51E52F8600041FE0E /* Model */ = {
			isa = PBXGroup;
			children = (
			);
			path = Model;
			sourceTree = "<group>";
		};
		8683C4B61E52F8600041FE0E /* View */ = {
			isa = PBXGroup;
			children = (
			);
			path = View;
			sourceTree = "<group>";
		};
		8683C4B91E52FEB90041FE0E /* Extension */ = {
			isa = PBXGroup;
			children = (
				8683C4BA1E52FED50041FE0E /* UIBarButtonItem-Extension.swift */,
				8683C4C51E544A550041FE0E /* UIColor-Extension.swift */,
				86AE1DEC1E5ADF3800B95281 /* NSDate-Extension.swift */,
			);
			path = Extension;
			sourceTree = "<group>";
		};
		8683C4BC1E54043B0041FE0E /* UIView */ = {
			isa = PBXGroup;
			children = (
				8683C4BD1E54046F0041FE0E /* YYTitleView.swift */,
				8683C4C31E543A8E0041FE0E /* YYContentView.swift */,
			);
			path = UIView;
			sourceTree = "<group>";
		};
		86AE1DE91E5AB98C00B95281 /* ViewModel */ = {
			isa = PBXGroup;
			children = (
				86AE1DEA1E5AB9A900B95281 /* RecommendViewModel.swift */,
			);
			path = ViewModel;
			sourceTree = "<group>";
		};
		C1CC1E84DE7DD49086F4CDAD /* Frameworks */ = {
			isa = PBXGroup;
			children = (
				D9A1CD2278E3FA9B78FE897D /* Pods_DouYuZhiBo.framework */,
			);
			name = Frameworks;
			sourceTree = "<group>";
		};
/* End PBXGroup section */

/* Begin PBXNativeTarget section */
		8683C47F1E52EBB60041FE0E /* DouYuZhiBo */ = {
			isa = PBXNativeTarget;
			buildConfigurationList = 8683C4921E52EBB60041FE0E /* Build configuration list for PBXNativeTarget "DouYuZhiBo" */;
			buildPhases = (
				14B0FF9930BE1566FADDDC63 /* [CP] Check Pods Manifest.lock */,
				8683C47C1E52EBB60041FE0E /* Sources */,
				8683C47D1E52EBB60041FE0E /* Frameworks */,
				8683C47E1E52EBB60041FE0E /* Resources */,
				DE690FF6C73AFB20EFB1083C /* [CP] Embed Pods Frameworks */,
				68DFC5A3A082B644387F67E5 /* [CP] Copy Pods Resources */,
			);
			buildRules = (
			);
			dependencies = (
			);
			name = DouYuZhiBo;
			productName = DouYuZhiBo;
			productReference = 8683C4801E52EBB60041FE0E /* DouYuZhiBo.app */;
			productType = "com.apple.product-type.application";
		};
/* End PBXNativeTarget section */

/* Begin PBXProject section */
		8683C4781E52EBB60041FE0E /* Project object */ = {
			isa = PBXProject;
			attributes = {
				LastSwiftUpdateCheck = 0820;
				LastUpgradeCheck = 0820;
				ORGANIZATIONNAME = YuYang;
				TargetAttributes = {
					8683C47F1E52EBB60041FE0E = {
						CreatedOnToolsVersion = 8.2.1;
						DevelopmentTeam = 35B58NE53U;
						ProvisioningStyle = Automatic;
					};
				};
			};
			buildConfigurationList = 8683C47B1E52EBB60041FE0E /* Build configuration list for PBXProject "DouYuZhiBo" */;
			compatibilityVersion = "Xcode 3.2";
			developmentRegion = English;
			hasScannedForEncodings = 0;
			knownRegions = (
				en,
				Base,
			);
			mainGroup = 8683C4771E52EBB60041FE0E;
			productRefGroup = 8683C4811E52EBB60041FE0E /* Products */;
			projectDirPath = "";
			projectRoot = "";
			targets = (
				8683C47F1E52EBB60041FE0E /* DouYuZhiBo */,
			);
		};
/* End PBXProject section */

/* Begin PBXResourcesBuildPhase section */
		8683C47E1E52EBB60041FE0E /* Resources */ = {
			isa = PBXResourcesBuildPhase;
			buildActionMask = 2147483647;
			files = (
				8683C4A51E52F3F30041FE0E /* Profile.storyboard in Resources */,
				86AE1DE61E56ECB500B95281 /* CollectionViewPrettyCell.xib in Resources */,
				8683C4A31E52F3DD0041FE0E /* Follow.storyboard in Resources */,
				86A7D1851E5C297D00789391 /* RecycleHeaderView.xib in Resources */,
				86AE1DE21E56E7DC00B95281 /* CollectionViewNomalCell.xib in Resources */,
				8683C49F1E52F3A10041FE0E /* Home.storyboard in Resources */,
				86AE1DDE1E56E42A00B95281 /* CollectionHeaderView.xib in Resources */,
				8683C48B1E52EBB60041FE0E /* Assets.xcassets in Resources */,
				8683C4A11E52F3C20041FE0E /* Live.storyboard in Resources */,
				86A7D1891E5C412C00789391 /* RecycleHeaderCell.xib in Resources */,
				8683C4891E52EBB60041FE0E /* Main.storyboard in Resources */,
			);
			runOnlyForDeploymentPostprocessing = 0;
		};
/* End PBXResourcesBuildPhase section */

/* Begin PBXShellScriptBuildPhase section */
		14B0FF9930BE1566FADDDC63 /* [CP] Check Pods Manifest.lock */ = {
			isa = PBXShellScriptBuildPhase;
			buildActionMask = 2147483647;
			files = (
			);
			inputPaths = (
			);
			name = "[CP] Check Pods Manifest.lock";
			outputPaths = (
			);
			runOnlyForDeploymentPostprocessing = 0;
			shellPath = /bin/sh;
			shellScript = "diff \"${PODS_ROOT}/../Podfile.lock\" \"${PODS_ROOT}/Manifest.lock\" > /dev/null\nif [ $? != 0 ] ; then\n    # print error to STDERR\n    echo \"error: The sandbox is not in sync with the Podfile.lock. Run 'pod install' or update your CocoaPods installation.\" >&2\n    exit 1\nfi\n";
			showEnvVarsInLog = 0;
		};
		68DFC5A3A082B644387F67E5 /* [CP] Copy Pods Resources */ = {
			isa = PBXShellScriptBuildPhase;
			buildActionMask = 2147483647;
			files = (
			);
			inputPaths = (
			);
			name = "[CP] Copy Pods Resources";
			outputPaths = (
			);
			runOnlyForDeploymentPostprocessing = 0;
			shellPath = /bin/sh;
			shellScript = "\"${SRCROOT}/Pods/Target Support Files/Pods-DouYuZhiBo/Pods-DouYuZhiBo-resources.sh\"\n";
			showEnvVarsInLog = 0;
		};
		DE690FF6C73AFB20EFB1083C /* [CP] Embed Pods Frameworks */ = {
			isa = PBXShellScriptBuildPhase;
			buildActionMask = 2147483647;
			files = (
			);
			inputPaths = (
			);
			name = "[CP] Embed Pods Frameworks";
			outputPaths = (
			);
			runOnlyForDeploymentPostprocessing = 0;
			shellPath = /bin/sh;
			shellScript = "\"${SRCROOT}/Pods/Target Support Files/Pods-DouYuZhiBo/Pods-DouYuZhiBo-frameworks.sh\"\n";
			showEnvVarsInLog = 0;
		};
/* End PBXShellScriptBuildPhase section */

/* Begin PBXSourcesBuildPhase section */
		8683C47C1E52EBB60041FE0E /* Sources */ = {
			isa = PBXSourcesBuildPhase;
			buildActionMask = 2147483647;
			files = (
				862DC04E1E5AEEEA001CF4C2 /* RoomListModel.swift in Sources */,
				8683C4841E52EBB60041FE0E /* AppDelegate.swift in Sources */,
				86AE1DDD1E56E42A00B95281 /* CollectionHeaderView.swift in Sources */,
				86AE1DE11E56E7DC00B95281 /* CollectionViewNomalCell.swift in Sources */,
				8683C4C61E544A550041FE0E /* UIColor-Extension.swift in Sources */,
				8683C4C81E558F2D0041FE0E /* RecommendViewController.swift in Sources */,
				8683C4A71E52F5060041FE0E /* MainViewController.swift in Sources */,
				8683C4BB1E52FED50041FE0E /* UIBarButtonItem-Extension.swift in Sources */,
				8683C4B81E52F8710041FE0E /* HomeViewController.swift in Sources */,
				86A7D1881E5C412C00789391 /* RecycleHeaderCell.swift in Sources */,
				86A7D1811E5C1E3100789391 /* RecycleModel.swift in Sources */,
				86A7D17F1E5BE9B700789391 /* CollectionViewBaseCell.swift in Sources */,
				86AE1DE51E56ECB500B95281 /* CollectionViewPrettyCell.swift in Sources */,
				8683C4C41E543A8E0041FE0E /* YYContentView.swift in Sources */,
				86A7D1831E5C297500789391 /* RecycleHeaderView.swift in Sources */,
				86AE1DED1E5ADF3800B95281 /* NSDate-Extension.swift in Sources */,
				8683C4C21E5408B60041FE0E /* Common.swift in Sources */,
				86AE1DE81E5A917F00B95281 /* NetworkTools.swift in Sources */,
				8683C4BE1E54046F0041FE0E /* YYTitleView.swift in Sources */,
				86AE1DEB1E5AB9A900B95281 /* RecommendViewModel.swift in Sources */,
				862DC0501E5AEEF3001CF4C2 /* RoomModel.swift in Sources */,
			);
			runOnlyForDeploymentPostprocessing = 0;
		};
/* End PBXSourcesBuildPhase section */

/* Begin PBXVariantGroup section */
		8683C4871E52EBB60041FE0E /* Main.storyboard */ = {
			isa = PBXVariantGroup;
			children = (
				8683C4881E52EBB60041FE0E /* Base */,
			);
			name = Main.storyboard;
			sourceTree = "<group>";
		};
/* End PBXVariantGroup section */

/* Begin XCBuildConfiguration section */
		8683C4901E52EBB60041FE0E /* Debug */ = {
			isa = XCBuildConfiguration;
			buildSettings = {
				ALWAYS_SEARCH_USER_PATHS = NO;
				CLANG_ANALYZER_NONNULL = YES;
				CLANG_CXX_LANGUAGE_STANDARD = "gnu++0x";
				CLANG_CXX_LIBRARY = "libc++";
				CLANG_ENABLE_MODULES = YES;
				CLANG_ENABLE_OBJC_ARC = YES;
				CLANG_WARN_BOOL_CONVERSION = YES;
				CLANG_WARN_CONSTANT_CONVERSION = YES;
				CLANG_WARN_DIRECT_OBJC_ISA_USAGE = YES_ERROR;
				CLANG_WARN_DOCUMENTATION_COMMENTS = YES;
				CLANG_WARN_EMPTY_BODY = YES;
				CLANG_WARN_ENUM_CONVERSION = YES;
				CLANG_WARN_INFINITE_RECURSION = YES;
				CLANG_WARN_INT_CONVERSION = YES;
				CLANG_WARN_OBJC_ROOT_CLASS = YES_ERROR;
				CLANG_WARN_SUSPICIOUS_MOVE = YES;
				CLANG_WARN_UNREACHABLE_CODE = YES;
				CLANG_WARN__DUPLICATE_METHOD_MATCH = YES;
				"CODE_SIGN_IDENTITY[sdk=iphoneos*]" = "iPhone Developer";
				COPY_PHASE_STRIP = NO;
				DEBUG_INFORMATION_FORMAT = dwarf;
				ENABLE_STRICT_OBJC_MSGSEND = YES;
				ENABLE_TESTABILITY = YES;
				GCC_C_LANGUAGE_STANDARD = gnu99;
				GCC_DYNAMIC_NO_PIC = NO;
				GCC_NO_COMMON_BLOCKS = YES;
				GCC_OPTIMIZATION_LEVEL = 0;
				GCC_PREPROCESSOR_DEFINITIONS = (
					"DEBUG=1",
					"$(inherited)",
				);
				GCC_WARN_64_TO_32_BIT_CONVERSION = YES;
				GCC_WARN_ABOUT_RETURN_TYPE = YES_ERROR;
				GCC_WARN_UNDECLARED_SELECTOR = YES;
				GCC_WARN_UNINITIALIZED_AUTOS = YES_AGGRESSIVE;
				GCC_WARN_UNUSED_FUNCTION = YES;
				GCC_WARN_UNUSED_VARIABLE = YES;
				IPHONEOS_DEPLOYMENT_TARGET = 10.2;
				MTL_ENABLE_DEBUG_INFO = YES;
				ONLY_ACTIVE_ARCH = YES;
				SDKROOT = iphoneos;
				SWIFT_ACTIVE_COMPILATION_CONDITIONS = DEBUG;
				SWIFT_OPTIMIZATION_LEVEL = "-Onone";
				TARGETED_DEVICE_FAMILY = "1,2";
			};
			name = Debug;
		};
		8683C4911E52EBB60041FE0E /* Release */ = {
			isa = XCBuildConfiguration;
			buildSettings = {
				ALWAYS_SEARCH_USER_PATHS = NO;
				CLANG_ANALYZER_NONNULL = YES;
				CLANG_CXX_LANGUAGE_STANDARD = "gnu++0x";
				CLANG_CXX_LIBRARY = "libc++";
				CLANG_ENABLE_MODULES = YES;
				CLANG_ENABLE_OBJC_ARC = YES;
				CLANG_WARN_BOOL_CONVERSION = YES;
				CLANG_WARN_CONSTANT_CONVERSION = YES;
				CLANG_WARN_DIRECT_OBJC_ISA_USAGE = YES_ERROR;
				CLANG_WARN_DOCUMENTATION_COMMENTS = YES;
				CLANG_WARN_EMPTY_BODY = YES;
				CLANG_WARN_ENUM_CONVERSION = YES;
				CLANG_WARN_INFINITE_RECURSION = YES;
				CLANG_WARN_INT_CONVERSION = YES;
				CLANG_WARN_OBJC_ROOT_CLASS = YES_ERROR;
				CLANG_WARN_SUSPICIOUS_MOVE = YES;
				CLANG_WARN_UNREACHABLE_CODE = YES;
				CLANG_WARN__DUPLICATE_METHOD_MATCH = YES;
				"CODE_SIGN_IDENTITY[sdk=iphoneos*]" = "iPhone Developer";
				COPY_PHASE_STRIP = NO;
				DEBUG_INFORMATION_FORMAT = "dwarf-with-dsym";
				ENABLE_NS_ASSERTIONS = NO;
				ENABLE_STRICT_OBJC_MSGSEND = YES;
				GCC_C_LANGUAGE_STANDARD = gnu99;
				GCC_NO_COMMON_BLOCKS = YES;
				GCC_WARN_64_TO_32_BIT_CONVERSION = YES;
				GCC_WARN_ABOUT_RETURN_TYPE = YES_ERROR;
				GCC_WARN_UNDECLARED_SELECTOR = YES;
				GCC_WARN_UNINITIALIZED_AUTOS = YES_AGGRESSIVE;
				GCC_WARN_UNUSED_FUNCTION = YES;
				GCC_WARN_UNUSED_VARIABLE = YES;
				IPHONEOS_DEPLOYMENT_TARGET = 10.2;
				MTL_ENABLE_DEBUG_INFO = NO;
				SDKROOT = iphoneos;
				SWIFT_OPTIMIZATION_LEVEL = "-Owholemodule";
				TARGETED_DEVICE_FAMILY = "1,2";
				VALIDATE_PRODUCT = YES;
			};
			name = Release;
		};
		8683C4931E52EBB60041FE0E /* Debug */ = {
			isa = XCBuildConfiguration;
			baseConfigurationReference = A63037644C3A5D58F3AC4045 /* Pods-DouYuZhiBo.debug.xcconfig */;
			buildSettings = {
				ASSETCATALOG_COMPILER_APPICON_NAME = AppIcon;
				ASSETCATALOG_COMPILER_LAUNCHIMAGE_NAME = LaunchImage;
				DEVELOPMENT_TEAM = 35B58NE53U;
				INFOPLIST_FILE = DouYuZhiBo/Info.plist;
				IPHONEOS_DEPLOYMENT_TARGET = 8.0;
				LD_RUNPATH_SEARCH_PATHS = "$(inherited) @executable_path/Frameworks";
				PRODUCT_BUNDLE_IDENTIFIER = YuYang.DouYuZhiBo;
				PRODUCT_NAME = "$(TARGET_NAME)";
				SWIFT_VERSION = 3.0;
				TARGETED_DEVICE_FAMILY = 1;
			};
			name = Debug;
		};
		8683C4941E52EBB60041FE0E /* Release */ = {
			isa = XCBuildConfiguration;
			baseConfigurationReference = 31DA830FA328E1CA2B0F2730 /* Pods-DouYuZhiBo.release.xcconfig */;
			buildSettings = {
				ASSETCATALOG_COMPILER_APPICON_NAME = AppIcon;
				ASSETCATALOG_COMPILER_LAUNCHIMAGE_NAME = LaunchImage;
				DEVELOPMENT_TEAM = 35B58NE53U;
				INFOPLIST_FILE = DouYuZhiBo/Info.plist;
				IPHONEOS_DEPLOYMENT_TARGET = 8.0;
				LD_RUNPATH_SEARCH_PATHS = "$(inherited) @executable_path/Frameworks";
				PRODUCT_BUNDLE_IDENTIFIER = YuYang.DouYuZhiBo;
				PRODUCT_NAME = "$(TARGET_NAME)";
				SWIFT_VERSION = 3.0;
				TARGETED_DEVICE_FAMILY = 1;
			};
			name = Release;
		};
/* End XCBuildConfiguration section */

/* Begin XCConfigurationList section */
		8683C47B1E52EBB60041FE0E /* Build configuration list for PBXProject "DouYuZhiBo" */ = {
			isa = XCConfigurationList;
			buildConfigurations = (
				8683C4901E52EBB60041FE0E /* Debug */,
				8683C4911E52EBB60041FE0E /* Release */,
			);
			defaultConfigurationIsVisible = 0;
			defaultConfigurationName = Release;
		};
		8683C4921E52EBB60041FE0E /* Build configuration list for PBXNativeTarget "DouYuZhiBo" */ = {
			isa = XCConfigurationList;
			buildConfigurations = (
				8683C4931E52EBB60041FE0E /* Debug */,
				8683C4941E52EBB60041FE0E /* Release */,
			);
			defaultConfigurationIsVisible = 0;
			defaultConfigurationName = Release;
		};
/* End XCConfigurationList section */
	};
	rootObject = 8683C4781E52EBB60041FE0E /* Project object */;
}
